// !$*UTF8*$!
{
	archiveVersion = 1;
	classes = {
	};
	objectVersion = 55;
	objects = {

/* Begin PBXBuildFile section */
		69B3E8272875ACFF006B427D /* AppDelegate.swift in Sources */ = {isa = PBXBuildFile; fileRef = 69B3E8262875ACFF006B427D /* AppDelegate.swift */; };
		69B3E8292875ACFF006B427D /* SceneDelegate.swift in Sources */ = {isa = PBXBuildFile; fileRef = 69B3E8282875ACFF006B427D /* SceneDelegate.swift */; };
		69B3E82B2875ACFF006B427D /* ConversationsViewController.swift in Sources */ = {isa = PBXBuildFile; fileRef = 69B3E82A2875ACFF006B427D /* ConversationsViewController.swift */; };
		69B3E82E2875ACFF006B427D /* Main.storyboard in Resources */ = {isa = PBXBuildFile; fileRef = 69B3E82C2875ACFF006B427D /* Main.storyboard */; };
		69B3E8302875AD01006B427D /* Assets.xcassets in Resources */ = {isa = PBXBuildFile; fileRef = 69B3E82F2875AD01006B427D /* Assets.xcassets */; };
		69B3E8332875AD01006B427D /* LaunchScreen.storyboard in Resources */ = {isa = PBXBuildFile; fileRef = 69B3E8312875AD01006B427D /* LaunchScreen.storyboard */; };
		69B3E83E2875AD01006B427D /* OurMessageTests.swift in Sources */ = {isa = PBXBuildFile; fileRef = 69B3E83D2875AD01006B427D /* OurMessageTests.swift */; };
		69B3E8482875AD01006B427D /* OurMessageUITests.swift in Sources */ = {isa = PBXBuildFile; fileRef = 69B3E8472875AD01006B427D /* OurMessageUITests.swift */; };
		69B3E84A2875AD01006B427D /* OurMessageUITestsLaunchTests.swift in Sources */ = {isa = PBXBuildFile; fileRef = 69B3E8492875AD01006B427D /* OurMessageUITestsLaunchTests.swift */; };
		69B3E85F2875B2E1006B427D /* LoginViewController.swift in Sources */ = {isa = PBXBuildFile; fileRef = 69B3E85E2875B2E1006B427D /* LoginViewController.swift */; };
		69B3E8612875B305006B427D /* RegisterViewController.swift in Sources */ = {isa = PBXBuildFile; fileRef = 69B3E8602875B305006B427D /* RegisterViewController.swift */; };
		69B3E8632875B33B006B427D /* PhotoViewerViewController.swift in Sources */ = {isa = PBXBuildFile; fileRef = 69B3E8622875B33B006B427D /* PhotoViewerViewController.swift */; };
		69B3E8652875B356006B427D /* VideoPlayerViewController.swift in Sources */ = {isa = PBXBuildFile; fileRef = 69B3E8642875B356006B427D /* VideoPlayerViewController.swift */; };
		69B3E8672875B39D006B427D /* NewConversationViewController.swift in Sources */ = {isa = PBXBuildFile; fileRef = 69B3E8662875B39D006B427D /* NewConversationViewController.swift */; };
		69B3E8692875B3BD006B427D /* ProfileViewController.swift in Sources */ = {isa = PBXBuildFile; fileRef = 69B3E8682875B3BD006B427D /* ProfileViewController.swift */; };
		69B3E86C2875C49D006B427D /* Extensions.swift in Sources */ = {isa = PBXBuildFile; fileRef = 69B3E86B2875C49D006B427D /* Extensions.swift */; };
		69D45C51287AFAA8008920D5 /* GoogleService-Info.plist in Resources */ = {isa = PBXBuildFile; fileRef = 69D45C50287AFAA8008920D5 /* GoogleService-Info.plist */; };
		69D45C53287B22DA008920D5 /* DatabaseManager.swift in Sources */ = {isa = PBXBuildFile; fileRef = 69D45C52287B22DA008920D5 /* DatabaseManager.swift */; };
		B7C67B7EA50E3517EB3E7C52 /* Pods_OurMessage.framework in Frameworks */ = {isa = PBXBuildFile; fileRef = 7CD3A6E408DE54FC4D630CA3 /* Pods_OurMessage.framework */; };
/* End PBXBuildFile section */

/* Begin PBXContainerItemProxy section */
		69B3E83A2875AD01006B427D /* PBXContainerItemProxy */ = {
			isa = PBXContainerItemProxy;
			containerPortal = 69B3E81B2875ACFF006B427D /* Project object */;
			proxyType = 1;
			remoteGlobalIDString = 69B3E8222875ACFF006B427D;
			remoteInfo = OurMessage;
		};
		69B3E8442875AD01006B427D /* PBXContainerItemProxy */ = {
			isa = PBXContainerItemProxy;
			containerPortal = 69B3E81B2875ACFF006B427D /* Project object */;
			proxyType = 1;
			remoteGlobalIDString = 69B3E8222875ACFF006B427D;
			remoteInfo = OurMessage;
		};
/* End PBXContainerItemProxy section */

/* Begin PBXFileReference section */
		3D33F3DAD0B00BB231E8B7B9 /* Pods-OurMessage.release.xcconfig */ = {isa = PBXFileReference; includeInIndex = 1; lastKnownFileType = text.xcconfig; name = "Pods-OurMessage.release.xcconfig"; path = "Target Support Files/Pods-OurMessage/Pods-OurMessage.release.xcconfig"; sourceTree = "<group>"; };
		3DF8C7B655F65BB33DE06506 /* Pods-OurMessage.debug.xcconfig */ = {isa = PBXFileReference; includeInIndex = 1; lastKnownFileType = text.xcconfig; name = "Pods-OurMessage.debug.xcconfig"; path = "Target Support Files/Pods-OurMessage/Pods-OurMessage.debug.xcconfig"; sourceTree = "<group>"; };
		69B3E8232875ACFF006B427D /* OurMessage.app */ = {isa = PBXFileReference; explicitFileType = wrapper.application; includeInIndex = 0; path = OurMessage.app; sourceTree = BUILT_PRODUCTS_DIR; };
		69B3E8262875ACFF006B427D /* AppDelegate.swift */ = {isa = PBXFileReference; lastKnownFileType = sourcecode.swift; path = AppDelegate.swift; sourceTree = "<group>"; };
		69B3E8282875ACFF006B427D /* SceneDelegate.swift */ = {isa = PBXFileReference; lastKnownFileType = sourcecode.swift; path = SceneDelegate.swift; sourceTree = "<group>"; };
		69B3E82A2875ACFF006B427D /* ConversationsViewController.swift */ = {isa = PBXFileReference; lastKnownFileType = sourcecode.swift; path = ConversationsViewController.swift; sourceTree = "<group>"; };
		69B3E82D2875ACFF006B427D /* Base */ = {isa = PBXFileReference; lastKnownFileType = file.storyboard; name = Base; path = Base.lproj/Main.storyboard; sourceTree = "<group>"; };
		69B3E82F2875AD01006B427D /* Assets.xcassets */ = {isa = PBXFileReference; lastKnownFileType = folder.assetcatalog; path = Assets.xcassets; sourceTree = "<group>"; };
		69B3E8322875AD01006B427D /* Base */ = {isa = PBXFileReference; lastKnownFileType = file.storyboard; name = Base; path = Base.lproj/LaunchScreen.storyboard; sourceTree = "<group>"; };
		69B3E8342875AD01006B427D /* Info.plist */ = {isa = PBXFileReference; lastKnownFileType = text.plist.xml; path = Info.plist; sourceTree = "<group>"; };
		69B3E8392875AD01006B427D /* OurMessageTests.xctest */ = {isa = PBXFileReference; explicitFileType = wrapper.cfbundle; includeInIndex = 0; path = OurMessageTests.xctest; sourceTree = BUILT_PRODUCTS_DIR; };
		69B3E83D2875AD01006B427D /* OurMessageTests.swift */ = {isa = PBXFileReference; lastKnownFileType = sourcecode.swift; path = OurMessageTests.swift; sourceTree = "<group>"; };
		69B3E8432875AD01006B427D /* OurMessageUITests.xctest */ = {isa = PBXFileReference; explicitFileType = wrapper.cfbundle; includeInIndex = 0; path = OurMessageUITests.xctest; sourceTree = BUILT_PRODUCTS_DIR; };
		69B3E8472875AD01006B427D /* OurMessageUITests.swift */ = {isa = PBXFileReference; lastKnownFileType = sourcecode.swift; path = OurMessageUITests.swift; sourceTree = "<group>"; };
		69B3E8492875AD01006B427D /* OurMessageUITestsLaunchTests.swift */ = {isa = PBXFileReference; lastKnownFileType = sourcecode.swift; path = OurMessageUITestsLaunchTests.swift; sourceTree = "<group>"; };
		69B3E85E2875B2E1006B427D /* LoginViewController.swift */ = {isa = PBXFileReference; lastKnownFileType = sourcecode.swift; path = LoginViewController.swift; sourceTree = "<group>"; };
		69B3E8602875B305006B427D /* RegisterViewController.swift */ = {isa = PBXFileReference; lastKnownFileType = sourcecode.swift; path = RegisterViewController.swift; sourceTree = "<group>"; };
		69B3E8622875B33B006B427D /* PhotoViewerViewController.swift */ = {isa = PBXFileReference; lastKnownFileType = sourcecode.swift; path = PhotoViewerViewController.swift; sourceTree = "<group>"; };
		69B3E8642875B356006B427D /* VideoPlayerViewController.swift */ = {isa = PBXFileReference; lastKnownFileType = sourcecode.swift; path = VideoPlayerViewController.swift; sourceTree = "<group>"; };
		69B3E8662875B39D006B427D /* NewConversationViewController.swift */ = {isa = PBXFileReference; lastKnownFileType = sourcecode.swift; path = NewConversationViewController.swift; sourceTree = "<group>"; };
		69B3E8682875B3BD006B427D /* ProfileViewController.swift */ = {isa = PBXFileReference; lastKnownFileType = sourcecode.swift; path = ProfileViewController.swift; sourceTree = "<group>"; };
		69B3E86B2875C49D006B427D /* Extensions.swift */ = {isa = PBXFileReference; lastKnownFileType = sourcecode.swift; path = Extensions.swift; sourceTree = "<group>"; };
		69D45C50287AFAA8008920D5 /* GoogleService-Info.plist */ = {isa = PBXFileReference; fileEncoding = 4; lastKnownFileType = text.plist.xml; path = "GoogleService-Info.plist"; sourceTree = "<group>"; };
		69D45C52287B22DA008920D5 /* DatabaseManager.swift */ = {isa = PBXFileReference; lastKnownFileType = sourcecode.swift; path = DatabaseManager.swift; sourceTree = "<group>"; };
		7CD3A6E408DE54FC4D630CA3 /* Pods_OurMessage.framework */ = {isa = PBXFileReference; explicitFileType = wrapper.framework; includeInIndex = 0; path = Pods_OurMessage.framework; sourceTree = BUILT_PRODUCTS_DIR; };
/* End PBXFileReference section */

/* Begin PBXFrameworksBuildPhase section */
		69B3E8202875ACFF006B427D /* Frameworks */ = {
			isa = PBXFrameworksBuildPhase;
			buildActionMask = 2147483647;
			files = (
				B7C67B7EA50E3517EB3E7C52 /* Pods_OurMessage.framework in Frameworks */,
			);
			runOnlyForDeploymentPostprocessing = 0;
		};
		69B3E8362875AD01006B427D /* Frameworks */ = {
			isa = PBXFrameworksBuildPhase;
			buildActionMask = 2147483647;
			files = (
			);
			runOnlyForDeploymentPostprocessing = 0;
		};
		69B3E8402875AD01006B427D /* Frameworks */ = {
			isa = PBXFrameworksBuildPhase;
			buildActionMask = 2147483647;
			files = (
			);
			runOnlyForDeploymentPostprocessing = 0;
		};
/* End PBXFrameworksBuildPhase section */

/* Begin PBXGroup section */
		69B3E81A2875ACFF006B427D = {
			isa = PBXGroup;
			children = (
				69B3E8252875ACFF006B427D /* OurMessage */,
				69B3E83C2875AD01006B427D /* OurMessageTests */,
				69B3E8462875AD01006B427D /* OurMessageUITests */,
				69B3E8242875ACFF006B427D /* Products */,
				BB635018AB9EB6E511DBEDD8 /* Pods */,
				6B344474F584D212FD7DE1F5 /* Frameworks */,
			);
			sourceTree = "<group>";
		};
		69B3E8242875ACFF006B427D /* Products */ = {
			isa = PBXGroup;
			children = (
				69B3E8232875ACFF006B427D /* OurMessage.app */,
				69B3E8392875AD01006B427D /* OurMessageTests.xctest */,
				69B3E8432875AD01006B427D /* OurMessageUITests.xctest */,
			);
			name = Products;
			sourceTree = "<group>";
		};
		69B3E8252875ACFF006B427D /* OurMessage */ = {
			isa = PBXGroup;
			children = (
				69D45C50287AFAA8008920D5 /* GoogleService-Info.plist */,
				69B3E85A2875B082006B427D /* Resources */,
				69B3E8592875B069006B427D /* ViewModels */,
				69B3E8582875B061006B427D /* Models */,
				69B3E8572875B053006B427D /* Views */,
				69B3E8562875B03A006B427D /* Controllers */,
				69B3E8342875AD01006B427D /* Info.plist */,
			);
			path = OurMessage;
			sourceTree = "<group>";
		};
		69B3E83C2875AD01006B427D /* OurMessageTests */ = {
			isa = PBXGroup;
			children = (
				69B3E83D2875AD01006B427D /* OurMessageTests.swift */,
			);
			path = OurMessageTests;
			sourceTree = "<group>";
		};
		69B3E8462875AD01006B427D /* OurMessageUITests */ = {
			isa = PBXGroup;
			children = (
				69B3E8472875AD01006B427D /* OurMessageUITests.swift */,
				69B3E8492875AD01006B427D /* OurMessageUITestsLaunchTests.swift */,
			);
			path = OurMessageUITests;
			sourceTree = "<group>";
		};
		69B3E8562875B03A006B427D /* Controllers */ = {
			isa = PBXGroup;
			children = (
				69B3E82A2875ACFF006B427D /* ConversationsViewController.swift */,
				69B3E86A2875B4F7006B427D /* Login */,
				69B3E8622875B33B006B427D /* PhotoViewerViewController.swift */,
				69B3E8642875B356006B427D /* VideoPlayerViewController.swift */,
				69B3E8662875B39D006B427D /* NewConversationViewController.swift */,
				69B3E8682875B3BD006B427D /* ProfileViewController.swift */,
			);
			path = Controllers;
			sourceTree = "<group>";
		};
		69B3E8572875B053006B427D /* Views */ = {
			isa = PBXGroup;
			children = (
				69B3E85C2875B137006B427D /* Storyboards */,
				69B3E82F2875AD01006B427D /* Assets.xcassets */,
			);
			path = Views;
			sourceTree = "<group>";
		};
		69B3E8582875B061006B427D /* Models */ = {
			isa = PBXGroup;
			children = (
			);
			path = Models;
			sourceTree = "<group>";
		};
		69B3E8592875B069006B427D /* ViewModels */ = {
			isa = PBXGroup;
			children = (
			);
			path = ViewModels;
			sourceTree = "<group>";
		};
		69B3E85A2875B082006B427D /* Resources */ = {
			isa = PBXGroup;
			children = (
				69B3E8262875ACFF006B427D /* AppDelegate.swift */,
				69B3E8282875ACFF006B427D /* SceneDelegate.swift */,
				69B3E86B2875C49D006B427D /* Extensions.swift */,
				69D45C52287B22DA008920D5 /* DatabaseManager.swift */,
			);
			path = Resources;
			sourceTree = "<group>";
		};
		69B3E85C2875B137006B427D /* Storyboards */ = {
			isa = PBXGroup;
			children = (
				69B3E82C2875ACFF006B427D /* Main.storyboard */,
				69B3E8312875AD01006B427D /* LaunchScreen.storyboard */,
			);
			path = Storyboards;
			sourceTree = "<group>";
		};
		69B3E86A2875B4F7006B427D /* Login */ = {
			isa = PBXGroup;
			children = (
				69B3E85E2875B2E1006B427D /* LoginViewController.swift */,
				69B3E8602875B305006B427D /* RegisterViewController.swift */,
			);
			path = Login;
			sourceTree = "<group>";
		};
		6B344474F584D212FD7DE1F5 /* Frameworks */ = {
			isa = PBXGroup;
			children = (
				7CD3A6E408DE54FC4D630CA3 /* Pods_OurMessage.framework */,
			);
			name = Frameworks;
			sourceTree = "<group>";
		};
		BB635018AB9EB6E511DBEDD8 /* Pods */ = {
			isa = PBXGroup;
			children = (
				3DF8C7B655F65BB33DE06506 /* Pods-OurMessage.debug.xcconfig */,
				3D33F3DAD0B00BB231E8B7B9 /* Pods-OurMessage.release.xcconfig */,
			);
			path = Pods;
			sourceTree = "<group>";
		};
/* End PBXGroup section */

/* Begin PBXNativeTarget section */
		69B3E8222875ACFF006B427D /* OurMessage */ = {
			isa = PBXNativeTarget;
			buildConfigurationList = 69B3E84D2875AD01006B427D /* Build configuration list for PBXNativeTarget "OurMessage" */;
			buildPhases = (
				6E62DB311D0BA6E1EB0E58A9 /* [CP] Check Pods Manifest.lock */,
				69B3E81F2875ACFF006B427D /* Sources */,
				69B3E8202875ACFF006B427D /* Frameworks */,
				69B3E8212875ACFF006B427D /* Resources */,
				0901A142BCBE2C3A79D3A16A /* [CP] Embed Pods Frameworks */,
			);
			buildRules = (
			);
			dependencies = (
			);
			name = OurMessage;
			productName = OurMessage;
			productReference = 69B3E8232875ACFF006B427D /* OurMessage.app */;
			productType = "com.apple.product-type.application";
		};
		69B3E8382875AD01006B427D /* OurMessageTests */ = {
			isa = PBXNativeTarget;
			buildConfigurationList = 69B3E8502875AD01006B427D /* Build configuration list for PBXNativeTarget "OurMessageTests" */;
			buildPhases = (
				69B3E8352875AD01006B427D /* Sources */,
				69B3E8362875AD01006B427D /* Frameworks */,
				69B3E8372875AD01006B427D /* Resources */,
			);
			buildRules = (
			);
			dependencies = (
				69B3E83B2875AD01006B427D /* PBXTargetDependency */,
			);
			name = OurMessageTests;
			productName = OurMessageTests;
			productReference = 69B3E8392875AD01006B427D /* OurMessageTests.xctest */;
			productType = "com.apple.product-type.bundle.unit-test";
		};
		69B3E8422875AD01006B427D /* OurMessageUITests */ = {
			isa = PBXNativeTarget;
			buildConfigurationList = 69B3E8532875AD01006B427D /* Build configuration list for PBXNativeTarget "OurMessageUITests" */;
			buildPhases = (
				69B3E83F2875AD01006B427D /* Sources */,
				69B3E8402875AD01006B427D /* Frameworks */,
				69B3E8412875AD01006B427D /* Resources */,
			);
			buildRules = (
			);
			dependencies = (
				69B3E8452875AD01006B427D /* PBXTargetDependency */,
			);
			name = OurMessageUITests;
			productName = OurMessageUITests;
			productReference = 69B3E8432875AD01006B427D /* OurMessageUITests.xctest */;
			productType = "com.apple.product-type.bundle.ui-testing";
		};
/* End PBXNativeTarget section */

/* Begin PBXProject section */
		69B3E81B2875ACFF006B427D /* Project object */ = {
			isa = PBXProject;
			attributes = {
				BuildIndependentTargetsInParallel = 1;
				LastSwiftUpdateCheck = 1330;
				LastUpgradeCheck = 1330;
				TargetAttributes = {
					69B3E8222875ACFF006B427D = {
						CreatedOnToolsVersion = 13.3.1;
					};
					69B3E8382875AD01006B427D = {
						CreatedOnToolsVersion = 13.3.1;
						TestTargetID = 69B3E8222875ACFF006B427D;
					};
					69B3E8422875AD01006B427D = {
						CreatedOnToolsVersion = 13.3.1;
						TestTargetID = 69B3E8222875ACFF006B427D;
					};
				};
			};
			buildConfigurationList = 69B3E81E2875ACFF006B427D /* Build configuration list for PBXProject "OurMessage" */;
			compatibilityVersion = "Xcode 13.0";
			developmentRegion = en;
			hasScannedForEncodings = 0;
			knownRegions = (
				en,
				Base,
			);
			mainGroup = 69B3E81A2875ACFF006B427D;
			productRefGroup = 69B3E8242875ACFF006B427D /* Products */;
			projectDirPath = "";
			projectRoot = "";
			targets = (
				69B3E8222875ACFF006B427D /* OurMessage */,
				69B3E8382875AD01006B427D /* OurMessageTests */,
				69B3E8422875AD01006B427D /* OurMessageUITests */,
			);
		};
/* End PBXProject section */

/* Begin PBXResourcesBuildPhase section */
		69B3E8212875ACFF006B427D /* Resources */ = {
			isa = PBXResourcesBuildPhase;
			buildActionMask = 2147483647;
			files = (
				69B3E8332875AD01006B427D /* LaunchScreen.storyboard in Resources */,
				69D45C51287AFAA8008920D5 /* GoogleService-Info.plist in Resources */,
				69B3E8302875AD01006B427D /* Assets.xcassets in Resources */,
				69B3E82E2875ACFF006B427D /* Main.storyboard in Resources */,
			);
			runOnlyForDeploymentPostprocessing = 0;
		};
		69B3E8372875AD01006B427D /* Resources */ = {
			isa = PBXResourcesBuildPhase;
			buildActionMask = 2147483647;
			files = (
			);
			runOnlyForDeploymentPostprocessing = 0;
		};
		69B3E8412875AD01006B427D /* Resources */ = {
			isa = PBXResourcesBuildPhase;
			buildActionMask = 2147483647;
			files = (
			);
			runOnlyForDeploymentPostprocessing = 0;
		};
/* End PBXResourcesBuildPhase section */

/* Begin PBXShellScriptBuildPhase section */
		0901A142BCBE2C3A79D3A16A /* [CP] Embed Pods Frameworks */ = {
			isa = PBXShellScriptBuildPhase;
			buildActionMask = 2147483647;
			files = (
			);
			inputFileListPaths = (
				"${PODS_ROOT}/Target Support Files/Pods-OurMessage/Pods-OurMessage-frameworks-${CONFIGURATION}-input-files.xcfilelist",
			);
			name = "[CP] Embed Pods Frameworks";
			outputFileListPaths = (
				"${PODS_ROOT}/Target Support Files/Pods-OurMessage/Pods-OurMessage-frameworks-${CONFIGURATION}-output-files.xcfilelist",
			);
			runOnlyForDeploymentPostprocessing = 0;
			shellPath = /bin/sh;
			shellScript = "\"${PODS_ROOT}/Target Support Files/Pods-OurMessage/Pods-OurMessage-frameworks.sh\"\n";
			showEnvVarsInLog = 0;
		};
		6E62DB311D0BA6E1EB0E58A9 /* [CP] Check Pods Manifest.lock */ = {
			isa = PBXShellScriptBuildPhase;
			buildActionMask = 2147483647;
			files = (
			);
			inputFileListPaths = (
			);
			inputPaths = (
				"${PODS_PODFILE_DIR_PATH}/Podfile.lock",
				"${PODS_ROOT}/Manifest.lock",
			);
			name = "[CP] Check Pods Manifest.lock";
			outputFileListPaths = (
			);
			outputPaths = (
				"$(DERIVED_FILE_DIR)/Pods-OurMessage-checkManifestLockResult.txt",
			);
			runOnlyForDeploymentPostprocessing = 0;
			shellPath = /bin/sh;
			shellScript = "diff \"${PODS_PODFILE_DIR_PATH}/Podfile.lock\" \"${PODS_ROOT}/Manifest.lock\" > /dev/null\nif [ $? != 0 ] ; then\n    # print error to STDERR\n    echo \"error: The sandbox is not in sync with the Podfile.lock. Run 'pod install' or update your CocoaPods installation.\" >&2\n    exit 1\nfi\n# This output is used by Xcode 'outputs' to avoid re-running this script phase.\necho \"SUCCESS\" > \"${SCRIPT_OUTPUT_FILE_0}\"\n";
			showEnvVarsInLog = 0;
		};
/* End PBXShellScriptBuildPhase section */

/* Begin PBXSourcesBuildPhase section */
		69B3E81F2875ACFF006B427D /* Sources */ = {
			isa = PBXSourcesBuildPhase;
			buildActionMask = 2147483647;
			files = (
				69B3E85F2875B2E1006B427D /* LoginViewController.swift in Sources */,
				69D45C53287B22DA008920D5 /* DatabaseManager.swift in Sources */,
				69B3E8612875B305006B427D /* RegisterViewController.swift in Sources */,
				69B3E8672875B39D006B427D /* NewConversationViewController.swift in Sources */,
				69B3E82B2875ACFF006B427D /* ConversationsViewController.swift in Sources */,
				69B3E8652875B356006B427D /* VideoPlayerViewController.swift in Sources */,
				69B3E86C2875C49D006B427D /* Extensions.swift in Sources */,
				69B3E8272875ACFF006B427D /* AppDelegate.swift in Sources */,
				69B3E8692875B3BD006B427D /* ProfileViewController.swift in Sources */,
				69B3E8292875ACFF006B427D /* SceneDelegate.swift in Sources */,
				69B3E8632875B33B006B427D /* PhotoViewerViewController.swift in Sources */,
			);
			runOnlyForDeploymentPostprocessing = 0;
		};
		69B3E8352875AD01006B427D /* Sources */ = {
			isa = PBXSourcesBuildPhase;
			buildActionMask = 2147483647;
			files = (
				69B3E83E2875AD01006B427D /* OurMessageTests.swift in Sources */,
			);
			runOnlyForDeploymentPostprocessing = 0;
		};
		69B3E83F2875AD01006B427D /* Sources */ = {
			isa = PBXSourcesBuildPhase;
			buildActionMask = 2147483647;
			files = (
				69B3E8482875AD01006B427D /* OurMessageUITests.swift in Sources */,
				69B3E84A2875AD01006B427D /* OurMessageUITestsLaunchTests.swift in Sources */,
			);
			runOnlyForDeploymentPostprocessing = 0;
		};
/* End PBXSourcesBuildPhase section */

/* Begin PBXTargetDependency section */
		69B3E83B2875AD01006B427D /* PBXTargetDependency */ = {
			isa = PBXTargetDependency;
			target = 69B3E8222875ACFF006B427D /* OurMessage */;
			targetProxy = 69B3E83A2875AD01006B427D /* PBXContainerItemProxy */;
		};
		69B3E8452875AD01006B427D /* PBXTargetDependency */ = {
			isa = PBXTargetDependency;
			target = 69B3E8222875ACFF006B427D /* OurMessage */;
			targetProxy = 69B3E8442875AD01006B427D /* PBXContainerItemProxy */;
		};
/* End PBXTargetDependency section */

/* Begin PBXVariantGroup section */
		69B3E82C2875ACFF006B427D /* Main.storyboard */ = {
			isa = PBXVariantGroup;
			children = (
				69B3E82D2875ACFF006B427D /* Base */,
			);
			name = Main.storyboard;
			sourceTree = "<group>";
		};
		69B3E8312875AD01006B427D /* LaunchScreen.storyboard */ = {
			isa = PBXVariantGroup;
			children = (
				69B3E8322875AD01006B427D /* Base */,
			);
			name = LaunchScreen.storyboard;
			sourceTree = "<group>";
		};
/* End PBXVariantGroup section */

/* Begin XCBuildConfiguration section */
		69B3E84B2875AD01006B427D /* Debug */ = {
			isa = XCBuildConfiguration;
			buildSettings = {
				ALWAYS_SEARCH_USER_PATHS = NO;
				CLANG_ANALYZER_NONNULL = YES;
				CLANG_ANALYZER_NUMBER_OBJECT_CONVERSION = YES_AGGRESSIVE;
				CLANG_CXX_LANGUAGE_STANDARD = "gnu++17";
				CLANG_ENABLE_MODULES = YES;
				CLANG_ENABLE_OBJC_ARC = YES;
				CLANG_ENABLE_OBJC_WEAK = YES;
				CLANG_WARN_BLOCK_CAPTURE_AUTORELEASING = YES;
				CLANG_WARN_BOOL_CONVERSION = YES;
				CLANG_WARN_COMMA = YES;
				CLANG_WARN_CONSTANT_CONVERSION = YES;
				CLANG_WARN_DEPRECATED_OBJC_IMPLEMENTATIONS = YES;
				CLANG_WARN_DIRECT_OBJC_ISA_USAGE = YES_ERROR;
				CLANG_WARN_DOCUMENTATION_COMMENTS = YES;
				CLANG_WARN_EMPTY_BODY = YES;
				CLANG_WARN_ENUM_CONVERSION = YES;
				CLANG_WARN_INFINITE_RECURSION = YES;
				CLANG_WARN_INT_CONVERSION = YES;
				CLANG_WARN_NON_LITERAL_NULL_CONVERSION = YES;
				CLANG_WARN_OBJC_IMPLICIT_RETAIN_SELF = YES;
				CLANG_WARN_OBJC_LITERAL_CONVERSION = YES;
				CLANG_WARN_OBJC_ROOT_CLASS = YES_ERROR;
				CLANG_WARN_QUOTED_INCLUDE_IN_FRAMEWORK_HEADER = YES;
				CLANG_WARN_RANGE_LOOP_ANALYSIS = YES;
				CLANG_WARN_STRICT_PROTOTYPES = YES;
				CLANG_WARN_SUSPICIOUS_MOVE = YES;
				CLANG_WARN_UNGUARDED_AVAILABILITY = YES_AGGRESSIVE;
				CLANG_WARN_UNREACHABLE_CODE = YES;
				CLANG_WARN__DUPLICATE_METHOD_MATCH = YES;
				COPY_PHASE_STRIP = NO;
				DEBUG_INFORMATION_FORMAT = dwarf;
				ENABLE_STRICT_OBJC_MSGSEND = YES;
				ENABLE_TESTABILITY = YES;
				GCC_C_LANGUAGE_STANDARD = gnu11;
				GCC_DYNAMIC_NO_PIC = NO;
				GCC_NO_COMMON_BLOCKS = YES;
				GCC_OPTIMIZATION_LEVEL = 0;
				GCC_PREPROCESSOR_DEFINITIONS = (
					"DEBUG=1",
					"$(inherited)",
				);
				GCC_WARN_64_TO_32_BIT_CONVERSION = YES;
				GCC_WARN_ABOUT_RETURN_TYPE = YES_ERROR;
				GCC_WARN_UNDECLARED_SELECTOR = YES;
				GCC_WARN_UNINITIALIZED_AUTOS = YES_AGGRESSIVE;
				GCC_WARN_UNUSED_FUNCTION = YES;
				GCC_WARN_UNUSED_VARIABLE = YES;
				IPHONEOS_DEPLOYMENT_TARGET = 15.4;
				MTL_ENABLE_DEBUG_INFO = INCLUDE_SOURCE;
				MTL_FAST_MATH = YES;
				ONLY_ACTIVE_ARCH = YES;
				SDKROOT = iphoneos;
				SWIFT_ACTIVE_COMPILATION_CONDITIONS = DEBUG;
				SWIFT_OPTIMIZATION_LEVEL = "-Onone";
			};
			name = Debug;
		};
		69B3E84C2875AD01006B427D /* Release */ = {
			isa = XCBuildConfiguration;
			buildSettings = {
				ALWAYS_SEARCH_USER_PATHS = NO;
				CLANG_ANALYZER_NONNULL = YES;
				CLANG_ANALYZER_NUMBER_OBJECT_CONVERSION = YES_AGGRESSIVE;
				CLANG_CXX_LANGUAGE_STANDARD = "gnu++17";
				CLANG_ENABLE_MODULES = YES;
				CLANG_ENABLE_OBJC_ARC = YES;
				CLANG_ENABLE_OBJC_WEAK = YES;
				CLANG_WARN_BLOCK_CAPTURE_AUTORELEASING = YES;
				CLANG_WARN_BOOL_CONVERSION = YES;
				CLANG_WARN_COMMA = YES;
				CLANG_WARN_CONSTANT_CONVERSION = YES;
				CLANG_WARN_DEPRECATED_OBJC_IMPLEMENTATIONS = YES;
				CLANG_WARN_DIRECT_OBJC_ISA_USAGE = YES_ERROR;
				CLANG_WARN_DOCUMENTATION_COMMENTS = YES;
				CLANG_WARN_EMPTY_BODY = YES;
				CLANG_WARN_ENUM_CONVERSION = YES;
				CLANG_WARN_INFINITE_RECURSION = YES;
				CLANG_WARN_INT_CONVERSION = YES;
				CLANG_WARN_NON_LITERAL_NULL_CONVERSION = YES;
				CLANG_WARN_OBJC_IMPLICIT_RETAIN_SELF = YES;
				CLANG_WARN_OBJC_LITERAL_CONVERSION = YES;
				CLANG_WARN_OBJC_ROOT_CLASS = YES_ERROR;
				CLANG_WARN_QUOTED_INCLUDE_IN_FRAMEWORK_HEADER = YES;
				CLANG_WARN_RANGE_LOOP_ANALYSIS = YES;
				CLANG_WARN_STRICT_PROTOTYPES = YES;
				CLANG_WARN_SUSPICIOUS_MOVE = YES;
				CLANG_WARN_UNGUARDED_AVAILABILITY = YES_AGGRESSIVE;
				CLANG_WARN_UNREACHABLE_CODE = YES;
				CLANG_WARN__DUPLICATE_METHOD_MATCH = YES;
				COPY_PHASE_STRIP = NO;
				DEBUG_INFORMATION_FORMAT = "dwarf-with-dsym";
				ENABLE_NS_ASSERTIONS = NO;
				ENABLE_STRICT_OBJC_MSGSEND = YES;
				GCC_C_LANGUAGE_STANDARD = gnu11;
				GCC_NO_COMMON_BLOCKS = YES;
				GCC_WARN_64_TO_32_BIT_CONVERSION = YES;
				GCC_WARN_ABOUT_RETURN_TYPE = YES_ERROR;
				GCC_WARN_UNDECLARED_SELECTOR = YES;
				GCC_WARN_UNINITIALIZED_AUTOS = YES_AGGRESSIVE;
				GCC_WARN_UNUSED_FUNCTION = YES;
				GCC_WARN_UNUSED_VARIABLE = YES;
				IPHONEOS_DEPLOYMENT_TARGET = 15.4;
				MTL_ENABLE_DEBUG_INFO = NO;
				MTL_FAST_MATH = YES;
				SDKROOT = iphoneos;
				SWIFT_COMPILATION_MODE = wholemodule;
				SWIFT_OPTIMIZATION_LEVEL = "-O";
				VALIDATE_PRODUCT = YES;
			};
			name = Release;
		};
		69B3E84E2875AD01006B427D /* Debug */ = {
			isa = XCBuildConfiguration;
			baseConfigurationReference = 3DF8C7B655F65BB33DE06506 /* Pods-OurMessage.debug.xcconfig */;
			buildSettings = {
				ASSETCATALOG_COMPILER_APPICON_NAME = AppIcon;
				ASSETCATALOG_COMPILER_GLOBAL_ACCENT_COLOR_NAME = AccentColor;
				CODE_SIGN_STYLE = Automatic;
				CURRENT_PROJECT_VERSION = 1;
				DEVELOPMENT_TEAM = LX3TQB65GJ;
				GENERATE_INFOPLIST_FILE = YES;
				INFOPLIST_FILE = OurMessage/Info.plist;
				INFOPLIST_KEY_UIApplicationSupportsIndirectInputEvents = YES;
				INFOPLIST_KEY_UILaunchStoryboardName = LaunchScreen;
				INFOPLIST_KEY_UIMainStoryboardFile = Main;
				INFOPLIST_KEY_UISupportedInterfaceOrientations_iPad = "UIInterfaceOrientationPortrait UIInterfaceOrientationPortraitUpsideDown UIInterfaceOrientationLandscapeLeft UIInterfaceOrientationLandscapeRight";
				INFOPLIST_KEY_UISupportedInterfaceOrientations_iPhone = "UIInterfaceOrientationPortrait UIInterfaceOrientationLandscapeLeft UIInterfaceOrientationLandscapeRight";
				IPHONEOS_DEPLOYMENT_TARGET = 15.0;
				LD_RUNPATH_SEARCH_PATHS = (
					"$(inherited)",
					"@executable_path/Frameworks",
				);
				MARKETING_VERSION = 1.0;
				PRODUCT_BUNDLE_IDENTIFIER = Albaylar.OurMessage;
				PRODUCT_NAME = "$(TARGET_NAME)";
				SWIFT_EMIT_LOC_STRINGS = YES;
				SWIFT_VERSION = 5.0;
				TARGETED_DEVICE_FAMILY = "1,2";
			};
			name = Debug;
		};
		69B3E84F2875AD01006B427D /* Release */ = {
			isa = XCBuildConfiguration;
			baseConfigurationReference = 3D33F3DAD0B00BB231E8B7B9 /* Pods-OurMessage.release.xcconfig */;
			buildSettings = {
				ASSETCATALOG_COMPILER_APPICON_NAME = AppIcon;
				ASSETCATALOG_COMPILER_GLOBAL_ACCENT_COLOR_NAME = AccentColor;
				CODE_SIGN_STYLE = Automatic;
				CURRENT_PROJECT_VERSION = 1;
				DEVELOPMENT_TEAM = LX3TQB65GJ;
				GENERATE_INFOPLIST_FILE = YES;
				INFOPLIST_FILE = OurMessage/Info.plist;
				INFOPLIST_KEY_UIApplicationSupportsIndirectInputEvents = YES;
				INFOPLIST_KEY_UILaunchStoryboardName = LaunchScreen;
				INFOPLIST_KEY_UIMainStoryboardFile = Main;
				INFOPLIST_KEY_UISupportedInterfaceOrientations_iPad = "UIInterfaceOrientationPortrait UIInterfaceOrientationPortraitUpsideDown UIInterfaceOrientationLandscapeLeft UIInterfaceOrientationLandscapeRight";
				INFOPLIST_KEY_UISupportedInterfaceOrientations_iPhone = "UIInterfaceOrientationPortrait UIInterfaceOrientationLandscapeLeft UIInterfaceOrientationLandscapeRight";
				IPHONEOS_DEPLOYMENT_TARGET = 15.0;
				LD_RUNPATH_SEARCH_PATHS = (
					"$(inherited)",
					"@executable_path/Frameworks",
				);
				MARKETING_VERSION = 1.0;
				PRODUCT_BUNDLE_IDENTIFIER = Albaylar.OurMessage;
				PRODUCT_NAME = "$(TARGET_NAME)";
				SWIFT_EMIT_LOC_STRINGS = YES;
				SWIFT_VERSION = 5.0;
				TARGETED_DEVICE_FAMILY = "1,2";
			};
			name = Release;
		};
		69B3E8512875AD01006B427D /* Debug */ = {
			isa = XCBuildConfiguration;
			buildSettings = {
				ALWAYS_EMBED_SWIFT_STANDARD_LIBRARIES = YES;
				BUNDLE_LOADER = "$(TEST_HOST)";
				CODE_SIGN_STYLE = Automatic;
				CURRENT_PROJECT_VERSION = 1;
				DEVELOPMENT_TEAM = LX3TQB65GJ;
				GENERATE_INFOPLIST_FILE = YES;
				IPHONEOS_DEPLOYMENT_TARGET = 15.4;
				MARKETING_VERSION = 1.0;
				PRODUCT_BUNDLE_IDENTIFIER = Albaylar.OurMessageTests;
				PRODUCT_NAME = "$(TARGET_NAME)";
				SWIFT_EMIT_LOC_STRINGS = NO;
				SWIFT_VERSION = 5.0;
				TARGETED_DEVICE_FAMILY = "1,2";
				TEST_HOST = "$(BUILT_PRODUCTS_DIR)/OurMessage.app/OurMessage";
			};
			name = Debug;
		};
		69B3E8522875AD01006B427D /* Release */ = {
			isa = XCBuildConfiguration;
			buildSettings = {
				ALWAYS_EMBED_SWIFT_STANDARD_LIBRARIES = YES;
				BUNDLE_LOADER = "$(TEST_HOST)";
				CODE_SIGN_STYLE = Automatic;
				CURRENT_PROJECT_VERSION = 1;
				DEVELOPMENT_TEAM = LX3TQB65GJ;
				GENERATE_INFOPLIST_FILE = YES;
				IPHONEOS_DEPLOYMENT_TARGET = 15.4;
				MARKETING_VERSION = 1.0;
				PRODUCT_BUNDLE_IDENTIFIER = Albaylar.OurMessageTests;
				PRODUCT_NAME = "$(TARGET_NAME)";
				SWIFT_EMIT_LOC_STRINGS = NO;
				SWIFT_VERSION = 5.0;
				TARGETED_DEVICE_FAMILY = "1,2";
				TEST_HOST = "$(BUILT_PRODUCTS_DIR)/OurMessage.app/OurMessage";
			};
			name = Release;
		};
		69B3E8542875AD01006B427D /* Debug */ = {
			isa = XCBuildConfiguration;
			buildSettings = {
				ALWAYS_EMBED_SWIFT_STANDARD_LIBRARIES = YES;
				CODE_SIGN_STYLE = Automatic;
				CURRENT_PROJECT_VERSION = 1;
				DEVELOPMENT_TEAM = LX3TQB65GJ;
				GENERATE_INFOPLIST_FILE = YES;
				MARKETING_VERSION = 1.0;
				PRODUCT_BUNDLE_IDENTIFIER = Albaylar.OurMessageUITests;
				PRODUCT_NAME = "$(TARGET_NAME)";
				SWIFT_EMIT_LOC_STRINGS = NO;
				SWIFT_VERSION = 5.0;
				TARGETED_DEVICE_FAMILY = "1,2";
				TEST_TARGET_NAME = OurMessage;
			};
			name = Debug;
		};
		69B3E8552875AD01006B427D /* Release */ = {
			isa = XCBuildConfiguration;
			buildSettings = {
				ALWAYS_EMBED_SWIFT_STANDARD_LIBRARIES = YES;
				CODE_SIGN_STYLE = Automatic;
				CURRENT_PROJECT_VERSION = 1;
				DEVELOPMENT_TEAM = LX3TQB65GJ;
				GENERATE_INFOPLIST_FILE = YES;
				MARKETING_VERSION = 1.0;
				PRODUCT_BUNDLE_IDENTIFIER = Albaylar.OurMessageUITests;
				PRODUCT_NAME = "$(TARGET_NAME)";
				SWIFT_EMIT_LOC_STRINGS = NO;
				SWIFT_VERSION = 5.0;
				TARGETED_DEVICE_FAMILY = "1,2";
				TEST_TARGET_NAME = OurMessage;
			};
			name = Release;
		};
/* End XCBuildConfiguration section */

/* Begin XCConfigurationList section */
		69B3E81E2875ACFF006B427D /* Build configuration list for PBXProject "OurMessage" */ = {
			isa = XCConfigurationList;
			buildConfigurations = (
				69B3E84B2875AD01006B427D /* Debug */,
				69B3E84C2875AD01006B427D /* Release */,
			);
			defaultConfigurationIsVisible = 0;
			defaultConfigurationName = Release;
		};
		69B3E84D2875AD01006B427D /* Build configuration list for PBXNativeTarget "OurMessage" */ = {
			isa = XCConfigurationList;
			buildConfigurations = (
				69B3E84E2875AD01006B427D /* Debug */,
				69B3E84F2875AD01006B427D /* Release */,
			);
			defaultConfigurationIsVisible = 0;
			defaultConfigurationName = Release;
		};
		69B3E8502875AD01006B427D /* Build configuration list for PBXNativeTarget "OurMessageTests" */ = {
			isa = XCConfigurationList;
			buildConfigurations = (
				69B3E8512875AD01006B427D /* Debug */,
				69B3E8522875AD01006B427D /* Release */,
			);
			defaultConfigurationIsVisible = 0;
			defaultConfigurationName = Release;
		};
		69B3E8532875AD01006B427D /* Build configuration list for PBXNativeTarget "OurMessageUITests" */ = {
			isa = XCConfigurationList;
			buildConfigurations = (
				69B3E8542875AD01006B427D /* Debug */,
				69B3E8552875AD01006B427D /* Release */,
			);
			defaultConfigurationIsVisible = 0;
			defaultConfigurationName = Release;
		};
/* End XCConfigurationList section */
	};
	rootObject = 69B3E81B2875ACFF006B427D /* Project object */;
}
